
Microsoft Visual Studio Solution File, Format Version 12.00
# Visual Studio 15
VisualStudioVersion = 15.0.28307.1500
MinimumVisualStudioVersion = 10.0.40219.1
Project("{8BC9CEB8-8B4A-11D0-8D11-00A0C91BC942}") = "my_function", "my_function\my_function.vcxproj", "{0F3A9DCE-19EA-4F41-8A56-9554D493307D}"
EndProject
Global
	GlobalSection(SolutionConfigurationPlatforms) = preSolution
		Debug|x64 = Debug|x64
		Debug|x86 = Debug|x86
		Release|x64 = Release|x64
		Release|x86 = Release|x86
	EndGlobalSection
	GlobalSection(ProjectConfigurationPlatforms) = postSolution
		{0F3A9DCE-19EA-4F41-8A56-9554D493307D}.Debug|x64.ActiveCfg = Debug|x64
		{0F3A9DCE-19EA-4F41-8A56-9554D493307D}.Debug|x64.Build.0 = Debug|x64
		{0F3A9DCE-19EA-4F41-8A56-9554D493307D}.Debug|x86.ActiveCfg = Debug|Win32
		{0F3A9DCE-19EA-4F41-8A56-9554D493307D}.Debug|x86.Build.0 = Debug|Win32
		{0F3A9DCE-19EA-4F41-8A56-9554D493307D}.Release|x64.ActiveCfg = Release|x64
		{0F3A9DCE-19EA-4F41-8A56-9554D493307D}.Release|x64.Build.0 = Release|x64
		{0F3A9DCE-19EA-4F41-8A56-9554D493307D}.Release|x86.ActiveCfg = Release|Win32
		{0F3A9DCE-19EA-4F41-8A56-9554D493307D}.Release|x86.Build.0 = Release|Win32
	EndGlobalSection
	GlobalSection(SolutionProperties) = preSolution
		HideSolutionNode = FALSE
	EndGlobalSection
	GlobalSection(ExtensibilityGlobals) = postSolution
		SolutionGuid = {7A52160B-7CE6-4518-9252-4E7E47DBB857}
	EndGlobalSection
EndGlobal
